
Microsoft Visual Studio Solution File, Format Version 12.00
# Visual Studio Version 16
VisualStudioVersion = 16.0.31702.278
MinimumVisualStudioVersion = 10.0.40219.1
Project("{FAE04EC0-301F-11D3-BF4B-00C04F79EFBC}") = "ConsoleApp", "ConsoleApp\ConsoleApp.csproj", "{C0260D2C-84A3-43C6-8774-6714F27FA579}"
EndProject
Global
	GlobalSection(SolutionConfigurationPlatforms) = preSolution
		Debug|Any CPU = Debug|Any CPU
		Release|Any CPU = Release|Any CPU
	EndGlobalSection
	GlobalSection(ProjectConfigurationPlatforms) = postSolution
		{C0260D2C-84A3-43C6-8774-6714F27FA579}.Debug|Any CPU.ActiveCfg = Debug|Any CPU
		{C0260D2C-84A3-43C6-8774-6714F27FA579}.Debug|Any CPU.Build.0 = Debug|Any CPU
		{C0260D2C-84A3-43C6-8774-6714F27FA579}.Release|Any CPU.ActiveCfg = Release|Any CPU
		{C0260D2C-84A3-43C6-8774-6714F27FA579}.Release|Any CPU.Build.0 = Release|Any CPU
	EndGlobalSection
	GlobalSection(SolutionProperties) = preSolution
		HideSolutionNode = FALSE
	EndGlobalSection
	GlobalSection(ExtensibilityGlobals) = postSolution
		SolutionGuid = {943CFBC1-C374-411A-9375-F24D1C0BB94B}
	EndGlobalSection
EndGlobal
